
Microsoft Visual Studio Solution File, Format Version 12.00
# Visual Studio 15
VisualStudioVersion = 15.0.27130.2036
MinimumVisualStudioVersion = 10.0.40219.1
Project("{FAE04EC0-301F-11D3-BF4B-00C04F79EFBC}") = "Deliverable2_AnnaBaseley", "Deliverable2_AnnaBaseley\Deliverable2_AnnaBaseley.csproj", "{07B2B6B5-E62F-4BD4-B3FE-796EBB62AA9D}"
EndProject
Global
	GlobalSection(SolutionConfigurationPlatforms) = preSolution
		Debug|Any CPU = Debug|Any CPU
		Release|Any CPU = Release|Any CPU
	EndGlobalSection
	GlobalSection(ProjectConfigurationPlatforms) = postSolution
		{07B2B6B5-E62F-4BD4-B3FE-796EBB62AA9D}.Debug|Any CPU.ActiveCfg = Debug|Any CPU
		{07B2B6B5-E62F-4BD4-B3FE-796EBB62AA9D}.Debug|Any CPU.Build.0 = Debug|Any CPU
		{07B2B6B5-E62F-4BD4-B3FE-796EBB62AA9D}.Release|Any CPU.ActiveCfg = Release|Any CPU
		{07B2B6B5-E62F-4BD4-B3FE-796EBB62AA9D}.Release|Any CPU.Build.0 = Release|Any CPU
	EndGlobalSection
	GlobalSection(SolutionProperties) = preSolution
		HideSolutionNode = FALSE
	EndGlobalSection
	GlobalSection(ExtensibilityGlobals) = postSolution
		SolutionGuid = {931D15E7-590A-4AB4-96E7-091504BD53D3}
	EndGlobalSection
EndGlobal
